
Microsoft Visual Studio Solution File, Format Version 12.00
# Visual Studio Version 16
VisualStudioVersion = 16.0.28803.452
MinimumVisualStudioVersion = 10.0.40219.1
Project("{9A19103F-16F7-4668-BE54-9A1E7A4F7556}") = "StringSort", "StringSort.csproj", "{1D36F72E-E985-4424-BF7F-458E7BAA67D7}"
EndProject
Global
	GlobalSection(SolutionConfigurationPlatforms) = preSolution
		Debug|Any CPU = Debug|Any CPU
		Release|Any CPU = Release|Any CPU
	EndGlobalSection
	GlobalSection(ProjectConfigurationPlatforms) = postSolution
		{1D36F72E-E985-4424-BF7F-458E7BAA67D7}.Debug|Any CPU.ActiveCfg = Debug|Any CPU
		{1D36F72E-E985-4424-BF7F-458E7BAA67D7}.Debug|Any CPU.Build.0 = Debug|Any CPU
		{1D36F72E-E985-4424-BF7F-458E7BAA67D7}.Release|Any CPU.ActiveCfg = Release|Any CPU
		{1D36F72E-E985-4424-BF7F-458E7BAA67D7}.Release|Any CPU.Build.0 = Release|Any CPU
	EndGlobalSection
	GlobalSection(SolutionProperties) = preSolution
		HideSolutionNode = FALSE
	EndGlobalSection
	GlobalSection(ExtensibilityGlobals) = postSolution
		SolutionGuid = {94179699-001E-48B9-A638-7D15B2FBCA3D}
	EndGlobalSection
EndGlobal
